
Microsoft Visual Studio Solution File, Format Version 12.00
# Visual Studio Version 17
VisualStudioVersion = 17.8.34525.116
MinimumVisualStudioVersion = 10.0.40219.1
Project("{FAE04EC0-301F-11D3-BF4B-00C04F79EFBC}") = "KhumaloCraft", "KhumaloCraft\KhumaloCraft.csproj", "{7859402C-7ABC-441D-83AC-B2506E956154}"
EndProject
Global
	GlobalSection(SolutionConfigurationPlatforms) = preSolution
		Debug|Any CPU = Debug|Any CPU
		Release|Any CPU = Release|Any CPU
	EndGlobalSection
	GlobalSection(ProjectConfigurationPlatforms) = postSolution
		{7859402C-7ABC-441D-83AC-B2506E956154}.Debug|Any CPU.ActiveCfg = Debug|Any CPU
		{7859402C-7ABC-441D-83AC-B2506E956154}.Debug|Any CPU.Build.0 = Debug|Any CPU
		{7859402C-7ABC-441D-83AC-B2506E956154}.Release|Any CPU.ActiveCfg = Release|Any CPU
		{7859402C-7ABC-441D-83AC-B2506E956154}.Release|Any CPU.Build.0 = Release|Any CPU
	EndGlobalSection
	GlobalSection(SolutionProperties) = preSolution
		HideSolutionNode = FALSE
	EndGlobalSection
	GlobalSection(ExtensibilityGlobals) = postSolution
		SolutionGuid = {2964573D-CE73-476C-8CD2-0984F229ACDE}
	EndGlobalSection
EndGlobal
